
Microsoft Visual Studio Solution File, Format Version 12.00
# Visual Studio Version 16
VisualStudioVersion = 16.0.34729.46
MinimumVisualStudioVersion = 10.0.40219.1
Project("{FAE04EC0-301F-11D3-BF4B-00C04F79EFBC}") = "project", "project.csproj", "{D10E32D9-D8D7-4B9A-B465-CABEC690402C}"
EndProject
Global
	GlobalSection(SolutionConfigurationPlatforms) = preSolution
		Debug|Any CPU = Debug|Any CPU
		Release|Any CPU = Release|Any CPU
	EndGlobalSection
	GlobalSection(ProjectConfigurationPlatforms) = postSolution
		{D10E32D9-D8D7-4B9A-B465-CABEC690402C}.Debug|Any CPU.ActiveCfg = Debug|Any CPU
		{D10E32D9-D8D7-4B9A-B465-CABEC690402C}.Debug|Any CPU.Build.0 = Debug|Any CPU
		{D10E32D9-D8D7-4B9A-B465-CABEC690402C}.Release|Any CPU.ActiveCfg = Release|Any CPU
		{D10E32D9-D8D7-4B9A-B465-CABEC690402C}.Release|Any CPU.Build.0 = Release|Any CPU
	EndGlobalSection
	GlobalSection(SolutionProperties) = preSolution
		HideSolutionNode = FALSE
	EndGlobalSection
	GlobalSection(ExtensibilityGlobals) = postSolution
		SolutionGuid = {931DB9AD-E581-4614-8850-D3B32543187D}
	EndGlobalSection
EndGlobal
